
Microsoft Visual Studio Solution File, Format Version 12.00
# Visual Studio Version 16
VisualStudioVersion = 16.0.28803.156
MinimumVisualStudioVersion = 10.0.40219.1
Project("{FAE04EC0-301F-11D3-BF4B-00C04F79EFBC}") = "mutli", "mutli\mutli.csproj", "{092FF33E-3DE2-4721-A367-FF4962C8072A}"
EndProject
Global
	GlobalSection(SolutionConfigurationPlatforms) = preSolution
		Debug|Any CPU = Debug|Any CPU
		Release|Any CPU = Release|Any CPU
	EndGlobalSection
	GlobalSection(ProjectConfigurationPlatforms) = postSolution
		{092FF33E-3DE2-4721-A367-FF4962C8072A}.Debug|Any CPU.ActiveCfg = Debug|Any CPU
		{092FF33E-3DE2-4721-A367-FF4962C8072A}.Debug|Any CPU.Build.0 = Debug|Any CPU
		{092FF33E-3DE2-4721-A367-FF4962C8072A}.Release|Any CPU.ActiveCfg = Release|Any CPU
		{092FF33E-3DE2-4721-A367-FF4962C8072A}.Release|Any CPU.Build.0 = Release|Any CPU
	EndGlobalSection
	GlobalSection(SolutionProperties) = preSolution
		HideSolutionNode = FALSE
	EndGlobalSection
	GlobalSection(ExtensibilityGlobals) = postSolution
		SolutionGuid = {1A192964-0716-4CBC-8D7E-5F1382E97A23}
	EndGlobalSection
EndGlobal
